
Microsoft Visual Studio Solution File, Format Version 12.00
Project("{FAE04EC0-301F-11D3-BF4B-00C04F79EFBC}") = "ApiApp", "ApiApp.csproj", "{E9D62187-0479-4222-A6BF-FF6C4A1EF61B}"
EndProject
Global
	GlobalSection(SolutionConfigurationPlatforms) = preSolution
		Debug|Any CPU = Debug|Any CPU
		Release|Any CPU = Release|Any CPU
	EndGlobalSection
	GlobalSection(ProjectConfigurationPlatforms) = postSolution
		{E9D62187-0479-4222-A6BF-FF6C4A1EF61B}.Debug|Any CPU.ActiveCfg = Debug|Any CPU
		{E9D62187-0479-4222-A6BF-FF6C4A1EF61B}.Debug|Any CPU.Build.0 = Debug|Any CPU
		{E9D62187-0479-4222-A6BF-FF6C4A1EF61B}.Release|Any CPU.ActiveCfg = Release|Any CPU
		{E9D62187-0479-4222-A6BF-FF6C4A1EF61B}.Release|Any CPU.Build.0 = Release|Any CPU
	EndGlobalSection
EndGlobal
